{
  "originHash" : "86264cecafc9262f2d6b7a422c03a22acf52f64a64775bc7e54806a54c982660",
  "pins" : [
    {
      "identity" : "grdb.swift",
      "kind" : "remoteSourceControl",
      "location" : "https://github.com/groue/GRDB.swift.git",
      "state" : {
        "revision" : "b83108d10f42680d78f23fe4d4d80fc88dab3212",
        "version" : "7.11.1"
      }
    },
    {
      "identity" : "sparkle",
      "kind" : "remoteSourceControl",
      "location" : "https://github.com/sparkle-project/Sparkle",
      "state" : {
        "revision" : "eef1a539a373c1f1a320624b1130fc5de7b2e100",
        "version" : "2.10.0"
      }
    },
    {
      "identity" : "swift-argument-parser",
      "kind" : "remoteSourceControl",
      "location" : "https://github.com/apple/swift-argument-parser",
      "state" : {
        "revision" : "6a52f3251125d74daf04fcbd5e6f08a75d074382",
        "version" : "1.8.2"
      }
    },
    {
      "identity" : "swift-subprocess",
      "kind" : "remoteSourceControl",
      "location" : "https://github.com/swiftlang/swift-subprocess",
      "state" : {
        "revision" : "b3937ab85dd32f6e9435914599c1519074769c1a",
        "version" : "1.0.0"
      }
    },
    {
      "identity" : "swift-system",
      "kind" : "remoteSourceControl",
      "location" : "https://github.com/apple/swift-system",
      "state" : {
        "revision" : "869129b7bf4ecc57b97d0193ad29690ca2134750",
        "version" : "1.8.1"
      }
    },
    {
      "identity" : "theme-kit",
      "kind" : "remoteSourceControl",
      "location" : "https://github.com/rozd/theme-kit",
      "state" : {
        "branch" : "main",
        "revision" : "2759540c0d2ffab35c095bc8e904a6e27660dc49"
      }
    }
  ],
  "version" : 3
}
